
Microsoft Visual Studio Solution File, Format Version 12.00
# Visual Studio Version 17
VisualStudioVersion = 17.9.34902.65
MinimumVisualStudioVersion = 10.0.40219.1
Project("{9A19103F-16F7-4668-BE54-9A1E7A4F7556}") = "Entidades", "PP_Escaner_Arriaga_Ignacio\Entidades.csproj", "{8E899E68-EA7F-48CE-BAC6-B6AE73F55DAC}"
EndProject
Project("{9A19103F-16F7-4668-BE54-9A1E7A4F7556}") = "Test", "Test\Test.csproj", "{DF8B5688-331B-4F65-ACA1-E0D5AFEA576C}"
EndProject
Global
	GlobalSection(SolutionConfigurationPlatforms) = preSolution
		Debug|Any CPU = Debug|Any CPU
		Release|Any CPU = Release|Any CPU
	EndGlobalSection
	GlobalSection(ProjectConfigurationPlatforms) = postSolution
		{8E899E68-EA7F-48CE-BAC6-B6AE73F55DAC}.Debug|Any CPU.ActiveCfg = Debug|Any CPU
		{8E899E68-EA7F-48CE-BAC6-B6AE73F55DAC}.Debug|Any CPU.Build.0 = Debug|Any CPU
		{8E899E68-EA7F-48CE-BAC6-B6AE73F55DAC}.Release|Any CPU.ActiveCfg = Release|Any CPU
		{8E899E68-EA7F-48CE-BAC6-B6AE73F55DAC}.Release|Any CPU.Build.0 = Release|Any CPU
		{DF8B5688-331B-4F65-ACA1-E0D5AFEA576C}.Debug|Any CPU.ActiveCfg = Debug|Any CPU
		{DF8B5688-331B-4F65-ACA1-E0D5AFEA576C}.Debug|Any CPU.Build.0 = Debug|Any CPU
		{DF8B5688-331B-4F65-ACA1-E0D5AFEA576C}.Release|Any CPU.ActiveCfg = Release|Any CPU
		{DF8B5688-331B-4F65-ACA1-E0D5AFEA576C}.Release|Any CPU.Build.0 = Release|Any CPU
	EndGlobalSection
	GlobalSection(SolutionProperties) = preSolution
		HideSolutionNode = FALSE
	EndGlobalSection
	GlobalSection(ExtensibilityGlobals) = postSolution
		SolutionGuid = {C03D1F0E-355C-4BD7-8DDE-B6BFE30BF960}
	EndGlobalSection
EndGlobal
